PODS:
  - Foursquare-API-v2 (1.4.8)
  - ionicons (2.0.3)
  - MBProgressHUD (0.9.2)

DEPENDENCIES:
  - Foursquare-API-v2 (~> 1.4.8)
  - ionicons
  - MBProgressHUD (~> 0.9.2)

SPEC CHECKSUMS:
  Foursquare-API-v2: dedba546a2048dc66dc444e9784fc5f9c27f81d9
  ionicons: ec1e86e6c3316bd9942a7f024080dd75c70dd6a5
  MBProgressHUD: 1569cf7ace17a8bac47aabfbb8580a49690386d1

COCOAPODS: 0.39.0
